
Microsoft Visual Studio Solution File, Format Version 12.00
# Visual Studio Version 16
VisualStudioVersion = 16.0.29519.87
MinimumVisualStudioVersion = 10.0.40219.1
Project("{8BC9CEB8-8B4A-11D0-8D11-00A0C91BC942}") = "CST229Assignment4", "CST229Assignment4\CST229Assignment4.vcxproj", "{CC047243-A794-47CA-B33B-D0AEF9627D71}"
EndProject
Global
	GlobalSection(SolutionConfigurationPlatforms) = preSolution
		Debug|x64 = Debug|x64
		Debug|x86 = Debug|x86
		Release|x64 = Release|x64
		Release|x86 = Release|x86
	EndGlobalSection
	GlobalSection(ProjectConfigurationPlatforms) = postSolution
		{CC047243-A794-47CA-B33B-D0AEF9627D71}.Debug|x64.ActiveCfg = Debug|x64
		{CC047243-A794-47CA-B33B-D0AEF9627D71}.Debug|x64.Build.0 = Debug|x64
		{CC047243-A794-47CA-B33B-D0AEF9627D71}.Debug|x86.ActiveCfg = Debug|Win32
		{CC047243-A794-47CA-B33B-D0AEF9627D71}.Debug|x86.Build.0 = Debug|Win32
		{CC047243-A794-47CA-B33B-D0AEF9627D71}.Release|x64.ActiveCfg = Release|x64
		{CC047243-A794-47CA-B33B-D0AEF9627D71}.Release|x64.Build.0 = Release|x64
		{CC047243-A794-47CA-B33B-D0AEF9627D71}.Release|x86.ActiveCfg = Release|Win32
		{CC047243-A794-47CA-B33B-D0AEF9627D71}.Release|x86.Build.0 = Release|Win32
	EndGlobalSection
	GlobalSection(SolutionProperties) = preSolution
		HideSolutionNode = FALSE
	EndGlobalSection
	GlobalSection(ExtensibilityGlobals) = postSolution
		SolutionGuid = {670FD9C4-D9D5-4BB4-A086-E4367B87331A}
	EndGlobalSection
EndGlobal
